
Microsoft Visual Studio Solution File, Format Version 12.00
# Visual Studio Version 17
VisualStudioVersion = 17.14.36301.6 d17.14
MinimumVisualStudioVersion = 10.0.40219.1
Project("{FAE04EC0-301F-11D3-BF4B-00C04F79EFBC}") = "BankTestProjectBackend", "BankTestProjectBackend\BankTestProjectBackend.csproj", "{602DF7A5-A765-4529-ADDA-4DD7B6760228}"
EndProject
Global
	GlobalSection(SolutionConfigurationPlatforms) = preSolution
		Debug|Any CPU = Debug|Any CPU
		Release|Any CPU = Release|Any CPU
	EndGlobalSection
	GlobalSection(ProjectConfigurationPlatforms) = postSolution
		{602DF7A5-A765-4529-ADDA-4DD7B6760228}.Debug|Any CPU.ActiveCfg = Debug|Any CPU
		{602DF7A5-A765-4529-ADDA-4DD7B6760228}.Debug|Any CPU.Build.0 = Debug|Any CPU
		{602DF7A5-A765-4529-ADDA-4DD7B6760228}.Release|Any CPU.ActiveCfg = Release|Any CPU
		{602DF7A5-A765-4529-ADDA-4DD7B6760228}.Release|Any CPU.Build.0 = Release|Any CPU
	EndGlobalSection
	GlobalSection(SolutionProperties) = preSolution
		HideSolutionNode = FALSE
	EndGlobalSection
	GlobalSection(ExtensibilityGlobals) = postSolution
		SolutionGuid = {EDE1BBE1-0811-404C-8F45-4F59DA7610FC}
	EndGlobalSection
EndGlobal
